
Microsoft Visual Studio Solution File, Format Version 12.00
# Visual Studio Version 17
VisualStudioVersion = 17.13.35818.85 d17.13
MinimumVisualStudioVersion = 10.0.40219.1
Project("{FAE04EC0-301F-11D3-BF4B-00C04F79EFBC}") = "CodeTestGSI", "CodeTestGSI.csproj", "{F75D7485-D796-4F93-8C11-07526403A9DC}"
EndProject
Global
	GlobalSection(SolutionConfigurationPlatforms) = preSolution
		Debug|Any CPU = Debug|Any CPU
		Release|Any CPU = Release|Any CPU
	EndGlobalSection
	GlobalSection(ProjectConfigurationPlatforms) = postSolution
		{F75D7485-D796-4F93-8C11-07526403A9DC}.Debug|Any CPU.ActiveCfg = Debug|Any CPU
		{F75D7485-D796-4F93-8C11-07526403A9DC}.Debug|Any CPU.Build.0 = Debug|Any CPU
		{F75D7485-D796-4F93-8C11-07526403A9DC}.Release|Any CPU.ActiveCfg = Release|Any CPU
		{F75D7485-D796-4F93-8C11-07526403A9DC}.Release|Any CPU.Build.0 = Release|Any CPU
	EndGlobalSection
	GlobalSection(SolutionProperties) = preSolution
		HideSolutionNode = FALSE
	EndGlobalSection
	GlobalSection(ExtensibilityGlobals) = postSolution
		SolutionGuid = {BCB0D3BF-4219-4F82-B6D9-ACC176BE1C07}
	EndGlobalSection
EndGlobal
